// !$*UTF8*$!
{
	archiveVersion = 1;
	classes = {
	};
	objectVersion = 50;
	objects = {

/* Begin PBXBuildFile section */
		F8CD535323F0D5C2006099BC /* AppDelegate.swift in Sources */ = {isa = PBXBuildFile; fileRef = F8CD535223F0D5C2006099BC /* AppDelegate.swift */; };
		F8CD535523F0D5C2006099BC /* SceneDelegate.swift in Sources */ = {isa = PBXBuildFile; fileRef = F8CD535423F0D5C2006099BC /* SceneDelegate.swift */; };
		F8CD535723F0D5C2006099BC /* ContentView.swift in Sources */ = {isa = PBXBuildFile; fileRef = F8CD535623F0D5C2006099BC /* ContentView.swift */; };
		F8CD535923F0D5C3006099BC /* Assets.xcassets in Resources */ = {isa = PBXBuildFile; fileRef = F8CD535823F0D5C3006099BC /* Assets.xcassets */; };
		F8CD535C23F0D5C3006099BC /* Preview Assets.xcassets in Resources */ = {isa = PBXBuildFile; fileRef = F8CD535B23F0D5C3006099BC /* Preview Assets.xcassets */; };
		F8CD535F23F0D5C3006099BC /* LaunchScreen.storyboard in Resources */ = {isa = PBXBuildFile; fileRef = F8CD535D23F0D5C3006099BC /* LaunchScreen.storyboard */; };
		F8CD536A23F0E3C4006099BC /* NetworkManager.swift in Sources */ = {isa = PBXBuildFile; fileRef = F8CD536923F0E3C4006099BC /* NetworkManager.swift */; };
		F8CD536C23F0E768006099BC /* PostData.swift in Sources */ = {isa = PBXBuildFile; fileRef = F8CD536B23F0E768006099BC /* PostData.swift */; };
		F8CD536F23F0F2F7006099BC /* DetailView.swift in Sources */ = {isa = PBXBuildFile; fileRef = F8CD536E23F0F2F7006099BC /* DetailView.swift */; };
		F8CD537123F0F829006099BC /* WebView.swift in Sources */ = {isa = PBXBuildFile; fileRef = F8CD537023F0F829006099BC /* WebView.swift */; };
/* End PBXBuildFile section */

/* Begin PBXFileReference section */
		F8CD534F23F0D5C2006099BC /* HackerNews.app */ = {isa = PBXFileReference; explicitFileType = wrapper.application; includeInIndex = 0; path = HackerNews.app; sourceTree = BUILT_PRODUCTS_DIR; };
		F8CD535223F0D5C2006099BC /* AppDelegate.swift */ = {isa = PBXFileReference; lastKnownFileType = sourcecode.swift; path = AppDelegate.swift; sourceTree = "<group>"; };
		F8CD535423F0D5C2006099BC /* SceneDelegate.swift */ = {isa = PBXFileReference; lastKnownFileType = sourcecode.swift; path = SceneDelegate.swift; sourceTree = "<group>"; };
		F8CD535623F0D5C2006099BC /* ContentView.swift */ = {isa = PBXFileReference; lastKnownFileType = sourcecode.swift; path = ContentView.swift; sourceTree = "<group>"; };
		F8CD535823F0D5C3006099BC /* Assets.xcassets */ = {isa = PBXFileReference; lastKnownFileType = folder.assetcatalog; path = Assets.xcassets; sourceTree = "<group>"; };
		F8CD535B23F0D5C3006099BC /* Preview Assets.xcassets */ = {isa = PBXFileReference; lastKnownFileType = folder.assetcatalog; path = "Preview Assets.xcassets"; sourceTree = "<group>"; };
		F8CD535E23F0D5C3006099BC /* Base */ = {isa = PBXFileReference; lastKnownFileType = file.storyboard; name = Base; path = Base.lproj/LaunchScreen.storyboard; sourceTree = "<group>"; };
		F8CD536023F0D5C3006099BC /* Info.plist */ = {isa = PBXFileReference; lastKnownFileType = text.plist.xml; path = Info.plist; sourceTree = "<group>"; };
		F8CD536923F0E3C4006099BC /* NetworkManager.swift */ = {isa = PBXFileReference; lastKnownFileType = sourcecode.swift; path = NetworkManager.swift; sourceTree = "<group>"; };
		F8CD536B23F0E768006099BC /* PostData.swift */ = {isa = PBXFileReference; lastKnownFileType = sourcecode.swift; path = PostData.swift; sourceTree = "<group>"; };
		F8CD536E23F0F2F7006099BC /* DetailView.swift */ = {isa = PBXFileReference; lastKnownFileType = sourcecode.swift; path = DetailView.swift; sourceTree = "<group>"; };
		F8CD537023F0F829006099BC /* WebView.swift */ = {isa = PBXFileReference; lastKnownFileType = sourcecode.swift; path = WebView.swift; sourceTree = "<group>"; };
		F8CD537223F0F9D4006099BC /* HackerNews.entitlements */ = {isa = PBXFileReference; lastKnownFileType = text.plist.entitlements; path = HackerNews.entitlements; sourceTree = "<group>"; };
/* End PBXFileReference section */

/* Begin PBXFrameworksBuildPhase section */
		F8CD534C23F0D5C2006099BC /* Frameworks */ = {
			isa = PBXFrameworksBuildPhase;
			buildActionMask = 2147483647;
			files = (
			);
			runOnlyForDeploymentPostprocessing = 0;
		};
/* End PBXFrameworksBuildPhase section */

/* Begin PBXGroup section */
		F8CD534623F0D5C2006099BC = {
			isa = PBXGroup;
			children = (
				F8CD535123F0D5C2006099BC /* HackerNews */,
				F8CD535023F0D5C2006099BC /* Products */,
			);
			sourceTree = "<group>";
		};
		F8CD535023F0D5C2006099BC /* Products */ = {
			isa = PBXGroup;
			children = (
				F8CD534F23F0D5C2006099BC /* HackerNews.app */,
			);
			name = Products;
			sourceTree = "<group>";
		};
		F8CD535123F0D5C2006099BC /* HackerNews */ = {
			isa = PBXGroup;
			children = (
				F8CD537223F0F9D4006099BC /* HackerNews.entitlements */,
				F8CD535223F0D5C2006099BC /* AppDelegate.swift */,
				F8CD535423F0D5C2006099BC /* SceneDelegate.swift */,
				F8CD536D23F0F180006099BC /* Views */,
				F8CD536623F0E38B006099BC /* Models */,
				F8CD535823F0D5C3006099BC /* Assets.xcassets */,
				F8CD535D23F0D5C3006099BC /* LaunchScreen.storyboard */,
				F8CD536023F0D5C3006099BC /* Info.plist */,
				F8CD535A23F0D5C3006099BC /* Preview Content */,
			);
			path = HackerNews;
			sourceTree = "<group>";
		};
		F8CD535A23F0D5C3006099BC /* Preview Content */ = {
			isa = PBXGroup;
			children = (
				F8CD535B23F0D5C3006099BC /* Preview Assets.xcassets */,
			);
			path = "Preview Content";
			sourceTree = "<group>";
		};
		F8CD536623F0E38B006099BC /* Models */ = {
			isa = PBXGroup;
			children = (
				F8CD536923F0E3C4006099BC /* NetworkManager.swift */,
				F8CD536B23F0E768006099BC /* PostData.swift */,
			);
			path = Models;
			sourceTree = "<group>";
		};
		F8CD536D23F0F180006099BC /* Views */ = {
			isa = PBXGroup;
			children = (
				F8CD535623F0D5C2006099BC /* ContentView.swift */,
				F8CD536E23F0F2F7006099BC /* DetailView.swift */,
				F8CD537023F0F829006099BC /* WebView.swift */,
			);
			path = Views;
			sourceTree = "<group>";
		};
/* End PBXGroup section */

/* Begin PBXNativeTarget section */
		F8CD534E23F0D5C2006099BC /* HackerNews */ = {
			isa = PBXNativeTarget;
			buildConfigurationList = F8CD536323F0D5C3006099BC /* Build configuration list for PBXNativeTarget "HackerNews" */;
			buildPhases = (
				F8CD534B23F0D5C2006099BC /* Sources */,
				F8CD534C23F0D5C2006099BC /* Frameworks */,
				F8CD534D23F0D5C2006099BC /* Resources */,
			);
			buildRules = (
			);
			dependencies = (
			);
			name = HackerNews;
			productName = HackerNews;
			productReference = F8CD534F23F0D5C2006099BC /* HackerNews.app */;
			productType = "com.apple.product-type.application";
		};
/* End PBXNativeTarget section */

/* Begin PBXProject section */
		F8CD534723F0D5C2006099BC /* Project object */ = {
			isa = PBXProject;
			attributes = {
				LastSwiftUpdateCheck = 1130;
				LastUpgradeCheck = 1130;
				ORGANIZATIONNAME = Anish;
				TargetAttributes = {
					F8CD534E23F0D5C2006099BC = {
						CreatedOnToolsVersion = 11.3.1;
					};
				};
			};
			buildConfigurationList = F8CD534A23F0D5C2006099BC /* Build configuration list for PBXProject "HackerNews" */;
			compatibilityVersion = "Xcode 9.3";
			developmentRegion = en;
			hasScannedForEncodings = 0;
			knownRegions = (
				en,
				Base,
			);
			mainGroup = F8CD534623F0D5C2006099BC;
			productRefGroup = F8CD535023F0D5C2006099BC /* Products */;
			projectDirPath = "";
			projectRoot = "";
			targets = (
				F8CD534E23F0D5C2006099BC /* HackerNews */,
			);
		};
/* End PBXProject section */

/* Begin PBXResourcesBuildPhase section */
		F8CD534D23F0D5C2006099BC /* Resources */ = {
			isa = PBXResourcesBuildPhase;
			buildActionMask = 2147483647;
			files = (
				F8CD535F23F0D5C3006099BC /* LaunchScreen.storyboard in Resources */,
				F8CD535C23F0D5C3006099BC /* Preview Assets.xcassets in Resources */,
				F8CD535923F0D5C3006099BC /* Assets.xcassets in Resources */,
			);
			runOnlyForDeploymentPostprocessing = 0;
		};
/* End PBXResourcesBuildPhase section */

/* Begin PBXSourcesBuildPhase section */
		F8CD534B23F0D5C2006099BC /* Sources */ = {
			isa = PBXSourcesBuildPhase;
			buildActionMask = 2147483647;
			files = (
				F8CD536C23F0E768006099BC /* PostData.swift in Sources */,
				F8CD536A23F0E3C4006099BC /* NetworkManager.swift in Sources */,
				F8CD535323F0D5C2006099BC /* AppDelegate.swift in Sources */,
				F8CD536F23F0F2F7006099BC /* DetailView.swift in Sources */,
				F8CD535523F0D5C2006099BC /* SceneDelegate.swift in Sources */,
				F8CD535723F0D5C2006099BC /* ContentView.swift in Sources */,
				F8CD537123F0F829006099BC /* WebView.swift in Sources */,
			);
			runOnlyForDeploymentPostprocessing = 0;
		};
/* End PBXSourcesBuildPhase section */

/* Begin PBXVariantGroup section */
		F8CD535D23F0D5C3006099BC /* LaunchScreen.storyboard */ = {
			isa = PBXVariantGroup;
			children = (
				F8CD535E23F0D5C3006099BC /* Base */,
			);
			name = LaunchScreen.storyboard;
			sourceTree = "<group>";
		};
/* End PBXVariantGroup section */

/* Begin XCBuildConfiguration section */
		F8CD536123F0D5C3006099BC /* Debug */ = {
			isa = XCBuildConfiguration;
			buildSettings = {
				ALWAYS_SEARCH_USER_PATHS = NO;
				CLANG_ANALYZER_NONNULL = YES;
				CLANG_ANALYZER_NUMBER_OBJECT_CONVERSION = YES_AGGRESSIVE;
				CLANG_CXX_LANGUAGE_STANDARD = "gnu++14";
				CLANG_CXX_LIBRARY = "libc++";
				CLANG_ENABLE_MODULES = YES;
				CLANG_ENABLE_OBJC_ARC = YES;
				CLANG_ENABLE_OBJC_WEAK = YES;
				CLANG_WARN_BLOCK_CAPTURE_AUTORELEASING = YES;
				CLANG_WARN_BOOL_CONVERSION = YES;
				CLANG_WARN_COMMA = YES;
				CLANG_WARN_CONSTANT_CONVERSION = YES;
				CLANG_WARN_DEPRECATED_OBJC_IMPLEMENTATIONS = YES;
				CLANG_WARN_DIRECT_OBJC_ISA_USAGE = YES_ERROR;
				CLANG_WARN_DOCUMENTATION_COMMENTS = YES;
				CLANG_WARN_EMPTY_BODY = YES;
				CLANG_WARN_ENUM_CONVERSION = YES;
				CLANG_WARN_INFINITE_RECURSION = YES;
				CLANG_WARN_INT_CONVERSION = YES;
				CLANG_WARN_NON_LITERAL_NULL_CONVERSION = YES;
				CLANG_WARN_OBJC_IMPLICIT_RETAIN_SELF = YES;
				CLANG_WARN_OBJC_LITERAL_CONVERSION = YES;
				CLANG_WARN_OBJC_ROOT_CLASS = YES_ERROR;
				CLANG_WARN_RANGE_LOOP_ANALYSIS = YES;
				CLANG_WARN_STRICT_PROTOTYPES = YES;
				CLANG_WARN_SUSPICIOUS_MOVE = YES;
				CLANG_WARN_UNGUARDED_AVAILABILITY = YES_AGGRESSIVE;
				CLANG_WARN_UNREACHABLE_CODE = YES;
				CLANG_WARN__DUPLICATE_METHOD_MATCH = YES;
				COPY_PHASE_STRIP = NO;
				DEBUG_INFORMATION_FORMAT = dwarf;
				ENABLE_STRICT_OBJC_MSGSEND = YES;
				ENABLE_TESTABILITY = YES;
				GCC_C_LANGUAGE_STANDARD = gnu11;
				GCC_DYNAMIC_NO_PIC = NO;
				GCC_NO_COMMON_BLOCKS = YES;
				GCC_OPTIMIZATION_LEVEL = 0;
				GCC_PREPROCESSOR_DEFINITIONS = (
					"DEBUG=1",
					"$(inherited)",
				);
				GCC_WARN_64_TO_32_BIT_CONVERSION = YES;
				GCC_WARN_ABOUT_RETURN_TYPE = YES_ERROR;
				GCC_WARN_UNDECLARED_SELECTOR = YES;
				GCC_WARN_UNINITIALIZED_AUTOS = YES_AGGRESSIVE;
				GCC_WARN_UNUSED_FUNCTION = YES;
				GCC_WARN_UNUSED_VARIABLE = YES;
				IPHONEOS_DEPLOYMENT_TARGET = 13.2;
				MTL_ENABLE_DEBUG_INFO = INCLUDE_SOURCE;
				MTL_FAST_MATH = YES;
				ONLY_ACTIVE_ARCH = YES;
				SDKROOT = iphoneos;
				SWIFT_ACTIVE_COMPILATION_CONDITIONS = DEBUG;
				SWIFT_OPTIMIZATION_LEVEL = "-Onone";
			};
			name = Debug;
		};
		F8CD536223F0D5C3006099BC /* Release */ = {
			isa = XCBuildConfiguration;
			buildSettings = {
				ALWAYS_SEARCH_USER_PATHS = NO;
				CLANG_ANALYZER_NONNULL = YES;
				CLANG_ANALYZER_NUMBER_OBJECT_CONVERSION = YES_AGGRESSIVE;
				CLANG_CXX_LANGUAGE_STANDARD = "gnu++14";
				CLANG_CXX_LIBRARY = "libc++";
				CLANG_ENABLE_MODULES = YES;
				CLANG_ENABLE_OBJC_ARC = YES;
				CLANG_ENABLE_OBJC_WEAK = YES;
				CLANG_WARN_BLOCK_CAPTURE_AUTORELEASING = YES;
				CLANG_WARN_BOOL_CONVERSION = YES;
				CLANG_WARN_COMMA = YES;
				CLANG_WARN_CONSTANT_CONVERSION = YES;
				CLANG_WARN_DEPRECATED_OBJC_IMPLEMENTATIONS = YES;
				CLANG_WARN_DIRECT_OBJC_ISA_USAGE = YES_ERROR;
				CLANG_WARN_DOCUMENTATION_COMMENTS = YES;
				CLANG_WARN_EMPTY_BODY = YES;
				CLANG_WARN_ENUM_CONVERSION = YES;
				CLANG_WARN_INFINITE_RECURSION = YES;
				CLANG_WARN_INT_CONVERSION = YES;
				CLANG_WARN_NON_LITERAL_NULL_CONVERSION = YES;
				CLANG_WARN_OBJC_IMPLICIT_RETAIN_SELF = YES;
				CLANG_WARN_OBJC_LITERAL_CONVERSION = YES;
				CLANG_WARN_OBJC_ROOT_CLASS = YES_ERROR;
				CLANG_WARN_RANGE_LOOP_ANALYSIS = YES;
				CLANG_WARN_STRICT_PROTOTYPES = YES;
				CLANG_WARN_SUSPICIOUS_MOVE = YES;
				CLANG_WARN_UNGUARDED_AVAILABILITY = YES_AGGRESSIVE;
				CLANG_WARN_UNREACHABLE_CODE = YES;
				CLANG_WARN__DUPLICATE_METHOD_MATCH = YES;
				COPY_PHASE_STRIP = NO;
				DEBUG_INFORMATION_FORMAT = "dwarf-with-dsym";
				ENABLE_NS_ASSERTIONS = NO;
				ENABLE_STRICT_OBJC_MSGSEND = YES;
				GCC_C_LANGUAGE_STANDARD = gnu11;
				GCC_NO_COMMON_BLOCKS = YES;
				GCC_WARN_64_TO_32_BIT_CONVERSION = YES;
				GCC_WARN_ABOUT_RETURN_TYPE = YES_ERROR;
				GCC_WARN_UNDECLARED_SELECTOR = YES;
				GCC_WARN_UNINITIALIZED_AUTOS = YES_AGGRESSIVE;
				GCC_WARN_UNUSED_FUNCTION = YES;
				GCC_WARN_UNUSED_VARIABLE = YES;
				IPHONEOS_DEPLOYMENT_TARGET = 13.2;
				MTL_ENABLE_DEBUG_INFO = NO;
				MTL_FAST_MATH = YES;
				SDKROOT = iphoneos;
				SWIFT_COMPILATION_MODE = wholemodule;
				SWIFT_OPTIMIZATION_LEVEL = "-O";
				VALIDATE_PRODUCT = YES;
			};
			name = Release;
		};
		F8CD536423F0D5C3006099BC /* Debug */ = {
			isa = XCBuildConfiguration;
			buildSettings = {
				ASSETCATALOG_COMPILER_APPICON_NAME = AppIcon;
				CODE_SIGN_ENTITLEMENTS = HackerNews/HackerNews.entitlements;
				CODE_SIGN_IDENTITY = "Apple Development";
				"CODE_SIGN_IDENTITY[sdk=macosx*]" = "Apple Development";
				CODE_SIGN_STYLE = Automatic;
				DERIVE_MACCATALYST_PRODUCT_BUNDLE_IDENTIFIER = YES;
				DEVELOPMENT_ASSET_PATHS = "\"HackerNews/Preview Content\"";
				DEVELOPMENT_TEAM = 48K3T6K667;
				ENABLE_PREVIEWS = YES;
				INFOPLIST_FILE = HackerNews/Info.plist;
				LD_RUNPATH_SEARCH_PATHS = (
					"$(inherited)",
					"@executable_path/Frameworks",
				);
				PRODUCT_BUNDLE_IDENTIFIER = "Anish-Pahilajani.HackerNews";
				PRODUCT_NAME = "$(TARGET_NAME)";
				PROVISIONING_PROFILE_SPECIFIER = "";
				"PROVISIONING_PROFILE_SPECIFIER[sdk=macosx*]" = "";
				SUPPORTS_MACCATALYST = YES;
				SWIFT_VERSION = 5.0;
				TARGETED_DEVICE_FAMILY = "1,2";
			};
			name = Debug;
		};
		F8CD536523F0D5C3006099BC /* Release */ = {
			isa = XCBuildConfiguration;
			buildSettings = {
				ASSETCATALOG_COMPILER_APPICON_NAME = AppIcon;
				CODE_SIGN_ENTITLEMENTS = HackerNews/HackerNews.entitlements;
				CODE_SIGN_IDENTITY = "Apple Development";
				"CODE_SIGN_IDENTITY[sdk=macosx*]" = "Apple Development";
				CODE_SIGN_STYLE = Automatic;
				DERIVE_MACCATALYST_PRODUCT_BUNDLE_IDENTIFIER = YES;
				DEVELOPMENT_ASSET_PATHS = "\"HackerNews/Preview Content\"";
				DEVELOPMENT_TEAM = 48K3T6K667;
				ENABLE_PREVIEWS = YES;
				INFOPLIST_FILE = HackerNews/Info.plist;
				LD_RUNPATH_SEARCH_PATHS = (
					"$(inherited)",
					"@executable_path/Frameworks",
				);
				PRODUCT_BUNDLE_IDENTIFIER = "Anish-Pahilajani.HackerNews";
				PRODUCT_NAME = "$(TARGET_NAME)";
				PROVISIONING_PROFILE_SPECIFIER = "";
				"PROVISIONING_PROFILE_SPECIFIER[sdk=macosx*]" = "";
				SUPPORTS_MACCATALYST = YES;
				SWIFT_VERSION = 5.0;
				TARGETED_DEVICE_FAMILY = "1,2";
			};
			name = Release;
		};
/* End XCBuildConfiguration section */

/* Begin XCConfigurationList section */
		F8CD534A23F0D5C2006099BC /* Build configuration list for PBXProject "HackerNews" */ = {
			isa = XCConfigurationList;
			buildConfigurations = (
				F8CD536123F0D5C3006099BC /* Debug */,
				F8CD536223F0D5C3006099BC /* Release */,
			);
			defaultConfigurationIsVisible = 0;
			defaultConfigurationName = Release;
		};
		F8CD536323F0D5C3006099BC /* Build configuration list for PBXNativeTarget "HackerNews" */ = {
			isa = XCConfigurationList;
			buildConfigurations = (
				F8CD536423F0D5C3006099BC /* Debug */,
				F8CD536523F0D5C3006099BC /* Release */,
			);
			defaultConfigurationIsVisible = 0;
			defaultConfigurationName = Release;
		};
/* End XCConfigurationList section */
	};
	rootObject = F8CD534723F0D5C2006099BC /* Project object */;
}
